// !$*UTF8*$!
{
	archiveVersion = 1;
	classes = {
	};
	objectVersion = 50;
	objects = {

/* Begin PBXBuildFile section */
		68114C3025C34F9C00A9F7DA /* ThreeCountersApp.swift in Sources */ = {isa = PBXBuildFile; fileRef = 68114C2F25C34F9C00A9F7DA /* ThreeCountersApp.swift */; };
		68114C3225C34F9D00A9F7DA /* ContentView.swift in Sources */ = {isa = PBXBuildFile; fileRef = 68114C3125C34F9C00A9F7DA /* ContentView.swift */; };
		68114C3425C34F9E00A9F7DA /* Assets.xcassets in Resources */ = {isa = PBXBuildFile; fileRef = 68114C3325C34F9E00A9F7DA /* Assets.xcassets */; };
		68114C3725C34F9E00A9F7DA /* Preview Assets.xcassets in Resources */ = {isa = PBXBuildFile; fileRef = 68114C3625C34F9E00A9F7DA /* Preview Assets.xcassets */; };
		68114C4025C34FF700A9F7DA /* RoundButton.swift in Sources */ = {isa = PBXBuildFile; fileRef = 68114C3F25C34FF700A9F7DA /* RoundButton.swift */; };
		68114C4325C350EE00A9F7DA /* TextLabel.swift in Sources */ = {isa = PBXBuildFile; fileRef = 68114C4225C350EE00A9F7DA /* TextLabel.swift */; };
		68114C4625C3528B00A9F7DA /* CounterFunction.swift in Sources */ = {isa = PBXBuildFile; fileRef = 68114C4525C3528B00A9F7DA /* CounterFunction.swift */; };
		68114C4D25C357D600A9F7DA /* RoundButton2.swift in Sources */ = {isa = PBXBuildFile; fileRef = 68114C4C25C357D600A9F7DA /* RoundButton2.swift */; };
		68114C5025C357E100A9F7DA /* RoundButton3.swift in Sources */ = {isa = PBXBuildFile; fileRef = 68114C4F25C357E100A9F7DA /* RoundButton3.swift */; };
		68114C5725C358BA00A9F7DA /* CounterTwo.swift in Sources */ = {isa = PBXBuildFile; fileRef = 68114C5625C358BA00A9F7DA /* CounterTwo.swift */; };
		68114C5A25C358C900A9F7DA /* CounterThree.swift in Sources */ = {isa = PBXBuildFile; fileRef = 68114C5925C358C900A9F7DA /* CounterThree.swift */; };
/* End PBXBuildFile section */

/* Begin PBXFileReference section */
		68114C2C25C34F9C00A9F7DA /* ThreeCounters.app */ = {isa = PBXFileReference; explicitFileType = wrapper.application; includeInIndex = 0; path = ThreeCounters.app; sourceTree = BUILT_PRODUCTS_DIR; };
		68114C2F25C34F9C00A9F7DA /* ThreeCountersApp.swift */ = {isa = PBXFileReference; lastKnownFileType = sourcecode.swift; path = ThreeCountersApp.swift; sourceTree = "<group>"; };
		68114C3125C34F9C00A9F7DA /* ContentView.swift */ = {isa = PBXFileReference; lastKnownFileType = sourcecode.swift; path = ContentView.swift; sourceTree = "<group>"; };
		68114C3325C34F9E00A9F7DA /* Assets.xcassets */ = {isa = PBXFileReference; lastKnownFileType = folder.assetcatalog; path = Assets.xcassets; sourceTree = "<group>"; };
		68114C3625C34F9E00A9F7DA /* Preview Assets.xcassets */ = {isa = PBXFileReference; lastKnownFileType = folder.assetcatalog; path = "Preview Assets.xcassets"; sourceTree = "<group>"; };
		68114C3825C34F9E00A9F7DA /* Info.plist */ = {isa = PBXFileReference; lastKnownFileType = text.plist.xml; path = Info.plist; sourceTree = "<group>"; };
		68114C3F25C34FF700A9F7DA /* RoundButton.swift */ = {isa = PBXFileReference; lastKnownFileType = sourcecode.swift; path = RoundButton.swift; sourceTree = "<group>"; };
		68114C4225C350EE00A9F7DA /* TextLabel.swift */ = {isa = PBXFileReference; lastKnownFileType = sourcecode.swift; path = TextLabel.swift; sourceTree = "<group>"; };
		68114C4525C3528B00A9F7DA /* CounterFunction.swift */ = {isa = PBXFileReference; lastKnownFileType = sourcecode.swift; path = CounterFunction.swift; sourceTree = "<group>"; };
		68114C4C25C357D600A9F7DA /* RoundButton2.swift */ = {isa = PBXFileReference; lastKnownFileType = sourcecode.swift; path = RoundButton2.swift; sourceTree = "<group>"; };
		68114C4F25C357E100A9F7DA /* RoundButton3.swift */ = {isa = PBXFileReference; lastKnownFileType = sourcecode.swift; path = RoundButton3.swift; sourceTree = "<group>"; };
		68114C5625C358BA00A9F7DA /* CounterTwo.swift */ = {isa = PBXFileReference; lastKnownFileType = sourcecode.swift; path = CounterTwo.swift; sourceTree = "<group>"; };
		68114C5925C358C900A9F7DA /* CounterThree.swift */ = {isa = PBXFileReference; lastKnownFileType = sourcecode.swift; path = CounterThree.swift; sourceTree = "<group>"; };
/* End PBXFileReference section */

/* Begin PBXFrameworksBuildPhase section */
		68114C2925C34F9C00A9F7DA /* Frameworks */ = {
			isa = PBXFrameworksBuildPhase;
			buildActionMask = 2147483647;
			files = (
			);
			runOnlyForDeploymentPostprocessing = 0;
		};
/* End PBXFrameworksBuildPhase section */

/* Begin PBXGroup section */
		68114C2325C34F9C00A9F7DA = {
			isa = PBXGroup;
			children = (
				68114C2E25C34F9C00A9F7DA /* ThreeCounters */,
				68114C2D25C34F9C00A9F7DA /* Products */,
			);
			sourceTree = "<group>";
		};
		68114C2D25C34F9C00A9F7DA /* Products */ = {
			isa = PBXGroup;
			children = (
				68114C2C25C34F9C00A9F7DA /* ThreeCounters.app */,
			);
			name = Products;
			sourceTree = "<group>";
		};
		68114C2E25C34F9C00A9F7DA /* ThreeCounters */ = {
			isa = PBXGroup;
			children = (
				68114C2F25C34F9C00A9F7DA /* ThreeCountersApp.swift */,
				68114C5425C358A000A9F7DA /* Model */,
				68114C5225C3586800A9F7DA /* Views */,
				68114C3325C34F9E00A9F7DA /* Assets.xcassets */,
				68114C3825C34F9E00A9F7DA /* Info.plist */,
				68114C3525C34F9E00A9F7DA /* Preview Content */,
			);
			path = ThreeCounters;
			sourceTree = "<group>";
		};
		68114C3525C34F9E00A9F7DA /* Preview Content */ = {
			isa = PBXGroup;
			children = (
				68114C3625C34F9E00A9F7DA /* Preview Assets.xcassets */,
			);
			path = "Preview Content";
			sourceTree = "<group>";
		};
		68114C5225C3586800A9F7DA /* Views */ = {
			isa = PBXGroup;
			children = (
				68114C3125C34F9C00A9F7DA /* ContentView.swift */,
				68114C3F25C34FF700A9F7DA /* RoundButton.swift */,
				68114C4C25C357D600A9F7DA /* RoundButton2.swift */,
				68114C4F25C357E100A9F7DA /* RoundButton3.swift */,
				68114C4225C350EE00A9F7DA /* TextLabel.swift */,
			);
			path = Views;
			sourceTree = "<group>";
		};
		68114C5425C358A000A9F7DA /* Model */ = {
			isa = PBXGroup;
			children = (
				68114C4525C3528B00A9F7DA /* CounterFunction.swift */,
				68114C5625C358BA00A9F7DA /* CounterTwo.swift */,
				68114C5925C358C900A9F7DA /* CounterThree.swift */,
			);
			path = Model;
			sourceTree = "<group>";
		};
/* End PBXGroup section */

/* Begin PBXNativeTarget section */
		68114C2B25C34F9C00A9F7DA /* ThreeCounters */ = {
			isa = PBXNativeTarget;
			buildConfigurationList = 68114C3B25C34F9E00A9F7DA /* Build configuration list for PBXNativeTarget "ThreeCounters" */;
			buildPhases = (
				68114C2825C34F9C00A9F7DA /* Sources */,
				68114C2925C34F9C00A9F7DA /* Frameworks */,
				68114C2A25C34F9C00A9F7DA /* Resources */,
			);
			buildRules = (
			);
			dependencies = (
			);
			name = ThreeCounters;
			productName = ThreeCounters;
			productReference = 68114C2C25C34F9C00A9F7DA /* ThreeCounters.app */;
			productType = "com.apple.product-type.application";
		};
/* End PBXNativeTarget section */

/* Begin PBXProject section */
		68114C2425C34F9C00A9F7DA /* Project object */ = {
			isa = PBXProject;
			attributes = {
				LastSwiftUpdateCheck = 1240;
				LastUpgradeCheck = 1240;
				TargetAttributes = {
					68114C2B25C34F9C00A9F7DA = {
						CreatedOnToolsVersion = 12.4;
					};
				};
			};
			buildConfigurationList = 68114C2725C34F9C00A9F7DA /* Build configuration list for PBXProject "ThreeCounters" */;
			compatibilityVersion = "Xcode 9.3";
			developmentRegion = en;
			hasScannedForEncodings = 0;
			knownRegions = (
				en,
				Base,
			);
			mainGroup = 68114C2325C34F9C00A9F7DA;
			productRefGroup = 68114C2D25C34F9C00A9F7DA /* Products */;
			projectDirPath = "";
			projectRoot = "";
			targets = (
				68114C2B25C34F9C00A9F7DA /* ThreeCounters */,
			);
		};
/* End PBXProject section */

/* Begin PBXResourcesBuildPhase section */
		68114C2A25C34F9C00A9F7DA /* Resources */ = {
			isa = PBXResourcesBuildPhase;
			buildActionMask = 2147483647;
			files = (
				68114C3725C34F9E00A9F7DA /* Preview Assets.xcassets in Resources */,
				68114C3425C34F9E00A9F7DA /* Assets.xcassets in Resources */,
			);
			runOnlyForDeploymentPostprocessing = 0;
		};
/* End PBXResourcesBuildPhase section */

/* Begin PBXSourcesBuildPhase section */
		68114C2825C34F9C00A9F7DA /* Sources */ = {
			isa = PBXSourcesBuildPhase;
			buildActionMask = 2147483647;
			files = (
				68114C4025C34FF700A9F7DA /* RoundButton.swift in Sources */,
				68114C4625C3528B00A9F7DA /* CounterFunction.swift in Sources */,
				68114C5A25C358C900A9F7DA /* CounterThree.swift in Sources */,
				68114C3225C34F9D00A9F7DA /* ContentView.swift in Sources */,
				68114C5025C357E100A9F7DA /* RoundButton3.swift in Sources */,
				68114C3025C34F9C00A9F7DA /* ThreeCountersApp.swift in Sources */,
				68114C5725C358BA00A9F7DA /* CounterTwo.swift in Sources */,
				68114C4325C350EE00A9F7DA /* TextLabel.swift in Sources */,
				68114C4D25C357D600A9F7DA /* RoundButton2.swift in Sources */,
			);
			runOnlyForDeploymentPostprocessing = 0;
		};
/* End PBXSourcesBuildPhase section */

/* Begin XCBuildConfiguration section */
		68114C3925C34F9E00A9F7DA /* Debug */ = {
			isa = XCBuildConfiguration;
			buildSettings = {
				ALWAYS_SEARCH_USER_PATHS = NO;
				CLANG_ANALYZER_NONNULL = YES;
				CLANG_ANALYZER_NUMBER_OBJECT_CONVERSION = YES_AGGRESSIVE;
				CLANG_CXX_LANGUAGE_STANDARD = "gnu++14";
				CLANG_CXX_LIBRARY = "libc++";
				CLANG_ENABLE_MODULES = YES;
				CLANG_ENABLE_OBJC_ARC = YES;
				CLANG_ENABLE_OBJC_WEAK = YES;
				CLANG_WARN_BLOCK_CAPTURE_AUTORELEASING = YES;
				CLANG_WARN_BOOL_CONVERSION = YES;
				CLANG_WARN_COMMA = YES;
				CLANG_WARN_CONSTANT_CONVERSION = YES;
				CLANG_WARN_DEPRECATED_OBJC_IMPLEMENTATIONS = YES;
				CLANG_WARN_DIRECT_OBJC_ISA_USAGE = YES_ERROR;
				CLANG_WARN_DOCUMENTATION_COMMENTS = YES;
				CLANG_WARN_EMPTY_BODY = YES;
				CLANG_WARN_ENUM_CONVERSION = YES;
				CLANG_WARN_INFINITE_RECURSION = YES;
				CLANG_WARN_INT_CONVERSION = YES;
				CLANG_WARN_NON_LITERAL_NULL_CONVERSION = YES;
				CLANG_WARN_OBJC_IMPLICIT_RETAIN_SELF = YES;
				CLANG_WARN_OBJC_LITERAL_CONVERSION = YES;
				CLANG_WARN_OBJC_ROOT_CLASS = YES_ERROR;
				CLANG_WARN_QUOTED_INCLUDE_IN_FRAMEWORK_HEADER = YES;
				CLANG_WARN_RANGE_LOOP_ANALYSIS = YES;
				CLANG_WARN_STRICT_PROTOTYPES = YES;
				CLANG_WARN_SUSPICIOUS_MOVE = YES;
				CLANG_WARN_UNGUARDED_AVAILABILITY = YES_AGGRESSIVE;
				CLANG_WARN_UNREACHABLE_CODE = YES;
				CLANG_WARN__DUPLICATE_METHOD_MATCH = YES;
				COPY_PHASE_STRIP = NO;
				DEBUG_INFORMATION_FORMAT = dwarf;
				ENABLE_STRICT_OBJC_MSGSEND = YES;
				ENABLE_TESTABILITY = YES;
				GCC_C_LANGUAGE_STANDARD = gnu11;
				GCC_DYNAMIC_NO_PIC = NO;
				GCC_NO_COMMON_BLOCKS = YES;
				GCC_OPTIMIZATION_LEVEL = 0;
				GCC_PREPROCESSOR_DEFINITIONS = (
					"DEBUG=1",
					"$(inherited)",
				);
				GCC_WARN_64_TO_32_BIT_CONVERSION = YES;
				GCC_WARN_ABOUT_RETURN_TYPE = YES_ERROR;
				GCC_WARN_UNDECLARED_SELECTOR = YES;
				GCC_WARN_UNINITIALIZED_AUTOS = YES_AGGRESSIVE;
				GCC_WARN_UNUSED_FUNCTION = YES;
				GCC_WARN_UNUSED_VARIABLE = YES;
				IPHONEOS_DEPLOYMENT_TARGET = 14.4;
				MTL_ENABLE_DEBUG_INFO = INCLUDE_SOURCE;
				MTL_FAST_MATH = YES;
				ONLY_ACTIVE_ARCH = YES;
				SDKROOT = iphoneos;
				SWIFT_ACTIVE_COMPILATION_CONDITIONS = DEBUG;
				SWIFT_OPTIMIZATION_LEVEL = "-Onone";
			};
			name = Debug;
		};
		68114C3A25C34F9E00A9F7DA /* Release */ = {
			isa = XCBuildConfiguration;
			buildSettings = {
				ALWAYS_SEARCH_USER_PATHS = NO;
				CLANG_ANALYZER_NONNULL = YES;
				CLANG_ANALYZER_NUMBER_OBJECT_CONVERSION = YES_AGGRESSIVE;
				CLANG_CXX_LANGUAGE_STANDARD = "gnu++14";
				CLANG_CXX_LIBRARY = "libc++";
				CLANG_ENABLE_MODULES = YES;
				CLANG_ENABLE_OBJC_ARC = YES;
				CLANG_ENABLE_OBJC_WEAK = YES;
				CLANG_WARN_BLOCK_CAPTURE_AUTORELEASING = YES;
				CLANG_WARN_BOOL_CONVERSION = YES;
				CLANG_WARN_COMMA = YES;
				CLANG_WARN_CONSTANT_CONVERSION = YES;
				CLANG_WARN_DEPRECATED_OBJC_IMPLEMENTATIONS = YES;
				CLANG_WARN_DIRECT_OBJC_ISA_USAGE = YES_ERROR;
				CLANG_WARN_DOCUMENTATION_COMMENTS = YES;
				CLANG_WARN_EMPTY_BODY = YES;
				CLANG_WARN_ENUM_CONVERSION = YES;
				CLANG_WARN_INFINITE_RECURSION = YES;
				CLANG_WARN_INT_CONVERSION = YES;
				CLANG_WARN_NON_LITERAL_NULL_CONVERSION = YES;
				CLANG_WARN_OBJC_IMPLICIT_RETAIN_SELF = YES;
				CLANG_WARN_OBJC_LITERAL_CONVERSION = YES;
				CLANG_WARN_OBJC_ROOT_CLASS = YES_ERROR;
				CLANG_WARN_QUOTED_INCLUDE_IN_FRAMEWORK_HEADER = YES;
				CLANG_WARN_RANGE_LOOP_ANALYSIS = YES;
				CLANG_WARN_STRICT_PROTOTYPES = YES;
				CLANG_WARN_SUSPICIOUS_MOVE = YES;
				CLANG_WARN_UNGUARDED_AVAILABILITY = YES_AGGRESSIVE;
				CLANG_WARN_UNREACHABLE_CODE = YES;
				CLANG_WARN__DUPLICATE_METHOD_MATCH = YES;
				COPY_PHASE_STRIP = NO;
				DEBUG_INFORMATION_FORMAT = "dwarf-with-dsym";
				ENABLE_NS_ASSERTIONS = NO;
				ENABLE_STRICT_OBJC_MSGSEND = YES;
				GCC_C_LANGUAGE_STANDARD = gnu11;
				GCC_NO_COMMON_BLOCKS = YES;
				GCC_WARN_64_TO_32_BIT_CONVERSION = YES;
				GCC_WARN_ABOUT_RETURN_TYPE = YES_ERROR;
				GCC_WARN_UNDECLARED_SELECTOR = YES;
				GCC_WARN_UNINITIALIZED_AUTOS = YES_AGGRESSIVE;
				GCC_WARN_UNUSED_FUNCTION = YES;
				GCC_WARN_UNUSED_VARIABLE = YES;
				IPHONEOS_DEPLOYMENT_TARGET = 14.4;
				MTL_ENABLE_DEBUG_INFO = NO;
				MTL_FAST_MATH = YES;
				SDKROOT = iphoneos;
				SWIFT_COMPILATION_MODE = wholemodule;
				SWIFT_OPTIMIZATION_LEVEL = "-O";
				VALIDATE_PRODUCT = YES;
			};
			name = Release;
		};
		68114C3C25C34F9E00A9F7DA /* Debug */ = {
			isa = XCBuildConfiguration;
			buildSettings = {
				ASSETCATALOG_COMPILER_APPICON_NAME = AppIcon;
				ASSETCATALOG_COMPILER_GLOBAL_ACCENT_COLOR_NAME = AccentColor;
				CODE_SIGN_IDENTITY = "Apple Development";
				CODE_SIGN_STYLE = Automatic;
				DEVELOPMENT_ASSET_PATHS = "\"ThreeCounters/Preview Content\"";
				DEVELOPMENT_TEAM = B9GKQ3WWHT;
				ENABLE_PREVIEWS = YES;
				INFOPLIST_FILE = ThreeCounters/Info.plist;
				IPHONEOS_DEPLOYMENT_TARGET = 14.0;
				LD_RUNPATH_SEARCH_PATHS = (
					"$(inherited)",
					"@executable_path/Frameworks",
				);
				PRODUCT_BUNDLE_IDENTIFIER = co.omboiofficial.ThreeCounters;
				PRODUCT_NAME = "$(TARGET_NAME)";
				PROVISIONING_PROFILE_SPECIFIER = "";
				SWIFT_VERSION = 5.0;
				TARGETED_DEVICE_FAMILY = "1,2";
			};
			name = Debug;
		};
		68114C3D25C34F9E00A9F7DA /* Release */ = {
			isa = XCBuildConfiguration;
			buildSettings = {
				ASSETCATALOG_COMPILER_APPICON_NAME = AppIcon;
				ASSETCATALOG_COMPILER_GLOBAL_ACCENT_COLOR_NAME = AccentColor;
				CODE_SIGN_IDENTITY = "Apple Development";
				CODE_SIGN_STYLE = Automatic;
				DEVELOPMENT_ASSET_PATHS = "\"ThreeCounters/Preview Content\"";
				DEVELOPMENT_TEAM = B9GKQ3WWHT;
				ENABLE_PREVIEWS = YES;
				INFOPLIST_FILE = ThreeCounters/Info.plist;
				IPHONEOS_DEPLOYMENT_TARGET = 14.0;
				LD_RUNPATH_SEARCH_PATHS = (
					"$(inherited)",
					"@executable_path/Frameworks",
				);
				PRODUCT_BUNDLE_IDENTIFIER = co.omboiofficial.ThreeCounters;
				PRODUCT_NAME = "$(TARGET_NAME)";
				PROVISIONING_PROFILE_SPECIFIER = "";
				SWIFT_VERSION = 5.0;
				TARGETED_DEVICE_FAMILY = "1,2";
			};
			name = Release;
		};
/* End XCBuildConfiguration section */

/* Begin XCConfigurationList section */
		68114C2725C34F9C00A9F7DA /* Build configuration list for PBXProject "ThreeCounters" */ = {
			isa = XCConfigurationList;
			buildConfigurations = (
				68114C3925C34F9E00A9F7DA /* Debug */,
				68114C3A25C34F9E00A9F7DA /* Release */,
			);
			defaultConfigurationIsVisible = 0;
			defaultConfigurationName = Release;
		};
		68114C3B25C34F9E00A9F7DA /* Build configuration list for PBXNativeTarget "ThreeCounters" */ = {
			isa = XCConfigurationList;
			buildConfigurations = (
				68114C3C25C34F9E00A9F7DA /* Debug */,
				68114C3D25C34F9E00A9F7DA /* Release */,
			);
			defaultConfigurationIsVisible = 0;
			defaultConfigurationName = Release;
		};
/* End XCConfigurationList section */
	};
	rootObject = 68114C2425C34F9C00A9F7DA /* Project object */;
}
